// !$*UTF8*$!
{
	archiveVersion = 1;
	classes = {
	};
	objectVersion = 46;
	objects = {

/* Begin PBXBuildFile section */
		9600F91E1C80350C00659A97 /* LoginVCtrl.m in Sources */ = {isa = PBXBuildFile; fileRef = 9600F91D1C80350C00659A97 /* LoginVCtrl.m */; };
		96461AA61C7C999600986E0D /* main.m in Sources */ = {isa = PBXBuildFile; fileRef = 96461AA51C7C999600986E0D /* main.m */; };
		96461AA91C7C999600986E0D /* AppDelegate.m in Sources */ = {isa = PBXBuildFile; fileRef = 96461AA81C7C999600986E0D /* AppDelegate.m */; };
		96461AB11C7C999600986E0D /* Assets.xcassets in Resources */ = {isa = PBXBuildFile; fileRef = 96461AB01C7C999600986E0D /* Assets.xcassets */; };
		96461AB41C7C999600986E0D /* LaunchScreen.storyboard in Resources */ = {isa = PBXBuildFile; fileRef = 96461AB21C7C999600986E0D /* LaunchScreen.storyboard */; };
		96461ABF1C7C999700986E0D /* WuliWeboTests.m in Sources */ = {isa = PBXBuildFile; fileRef = 96461ABE1C7C999700986E0D /* WuliWeboTests.m */; };
		96461ACA1C7C999700986E0D /* WuliWeboUITests.m in Sources */ = {isa = PBXBuildFile; fileRef = 96461AC91C7C999700986E0D /* WuliWeboUITests.m */; };
		EED482D2E6DBFAE763F9A50E /* libPods.a in Frameworks */ = {isa = PBXBuildFile; fileRef = C0C84B8EC5C81EE4035E5B96 /* libPods.a */; };
/* End PBXBuildFile section */

/* Begin PBXContainerItemProxy section */
		96461ABB1C7C999700986E0D /* PBXContainerItemProxy */ = {
			isa = PBXContainerItemProxy;
			containerPortal = 96461A991C7C999600986E0D /* Project object */;
			proxyType = 1;
			remoteGlobalIDString = 96461AA01C7C999600986E0D;
			remoteInfo = WuliWebo;
		};
		96461AC61C7C999700986E0D /* PBXContainerItemProxy */ = {
			isa = PBXContainerItemProxy;
			containerPortal = 96461A991C7C999600986E0D /* Project object */;
			proxyType = 1;
			remoteGlobalIDString = 96461AA01C7C999600986E0D;
			remoteInfo = WuliWebo;
		};
/* End PBXContainerItemProxy section */

/* Begin PBXFileReference section */
		5FDE7B306448FC5326D00C8F /* Pods.debug.xcconfig */ = {isa = PBXFileReference; includeInIndex = 1; lastKnownFileType = text.xcconfig; name = Pods.debug.xcconfig; path = "Pods/Target Support Files/Pods/Pods.debug.xcconfig"; sourceTree = "<group>"; };
		9600F90C1C80208200659A97 /* libsqlite3.tbd */ = {isa = PBXFileReference; lastKnownFileType = "sourcecode.text-based-dylib-definition"; name = libsqlite3.tbd; path = usr/lib/libsqlite3.tbd; sourceTree = SDKROOT; };
		9600F90E1C80208E00659A97 /* ImageIO.framework */ = {isa = PBXFileReference; lastKnownFileType = wrapper.framework; name = ImageIO.framework; path = System/Library/Frameworks/ImageIO.framework; sourceTree = SDKROOT; };
		9600F9101C80209800659A97 /* Security.framework */ = {isa = PBXFileReference; lastKnownFileType = wrapper.framework; name = Security.framework; path = System/Library/Frameworks/Security.framework; sourceTree = SDKROOT; };
		9600F9121C80209F00659A97 /* CFNetwork.framework */ = {isa = PBXFileReference; lastKnownFileType = wrapper.framework; name = CFNetwork.framework; path = System/Library/Frameworks/CFNetwork.framework; sourceTree = SDKROOT; };
		9600F9141C8020B000659A97 /* MobileCoreServices.framework */ = {isa = PBXFileReference; lastKnownFileType = wrapper.framework; name = MobileCoreServices.framework; path = System/Library/Frameworks/MobileCoreServices.framework; sourceTree = SDKROOT; };
		9600F9161C8020E100659A97 /* CoreTelephony.framework */ = {isa = PBXFileReference; lastKnownFileType = wrapper.framework; name = CoreTelephony.framework; path = System/Library/Frameworks/CoreTelephony.framework; sourceTree = SDKROOT; };
		9600F91C1C80350C00659A97 /* LoginVCtrl.h */ = {isa = PBXFileReference; fileEncoding = 4; lastKnownFileType = sourcecode.c.h; path = LoginVCtrl.h; sourceTree = "<group>"; };
		9600F91D1C80350C00659A97 /* LoginVCtrl.m */ = {isa = PBXFileReference; fileEncoding = 4; lastKnownFileType = sourcecode.c.objc; path = LoginVCtrl.m; sourceTree = "<group>"; };
		96461AA11C7C999600986E0D /* WuliWebo.app */ = {isa = PBXFileReference; explicitFileType = wrapper.application; includeInIndex = 0; path = WuliWebo.app; sourceTree = BUILT_PRODUCTS_DIR; };
		96461AA51C7C999600986E0D /* main.m */ = {isa = PBXFileReference; lastKnownFileType = sourcecode.c.objc; path = main.m; sourceTree = "<group>"; };
		96461AA71C7C999600986E0D /* AppDelegate.h */ = {isa = PBXFileReference; lastKnownFileType = sourcecode.c.h; path = AppDelegate.h; sourceTree = "<group>"; };
		96461AA81C7C999600986E0D /* AppDelegate.m */ = {isa = PBXFileReference; lastKnownFileType = sourcecode.c.objc; path = AppDelegate.m; sourceTree = "<group>"; };
		96461AB01C7C999600986E0D /* Assets.xcassets */ = {isa = PBXFileReference; lastKnownFileType = folder.assetcatalog; path = Assets.xcassets; sourceTree = "<group>"; };
		96461AB31C7C999600986E0D /* Base */ = {isa = PBXFileReference; lastKnownFileType = file.storyboard; name = Base; path = Base.lproj/LaunchScreen.storyboard; sourceTree = "<group>"; };
		96461AB51C7C999600986E0D /* Info.plist */ = {isa = PBXFileReference; lastKnownFileType = text.plist.xml; path = Info.plist; sourceTree = "<group>"; };
		96461ABA1C7C999700986E0D /* WuliWeboTests.xctest */ = {isa = PBXFileReference; explicitFileType = wrapper.cfbundle; includeInIndex = 0; path = WuliWeboTests.xctest; sourceTree = BUILT_PRODUCTS_DIR; };
		96461ABE1C7C999700986E0D /* WuliWeboTests.m */ = {isa = PBXFileReference; lastKnownFileType = sourcecode.c.objc; path = WuliWeboTests.m; sourceTree = "<group>"; };
		96461AC01C7C999700986E0D /* Info.plist */ = {isa = PBXFileReference; lastKnownFileType = text.plist.xml; path = Info.plist; sourceTree = "<group>"; };
		96461AC51C7C999700986E0D /* WuliWeboUITests.xctest */ = {isa = PBXFileReference; explicitFileType = wrapper.cfbundle; includeInIndex = 0; path = WuliWeboUITests.xctest; sourceTree = BUILT_PRODUCTS_DIR; };
		96461AC91C7C999700986E0D /* WuliWeboUITests.m */ = {isa = PBXFileReference; lastKnownFileType = sourcecode.c.objc; path = WuliWeboUITests.m; sourceTree = "<group>"; };
		96461ACB1C7C999700986E0D /* Info.plist */ = {isa = PBXFileReference; lastKnownFileType = text.plist.xml; path = Info.plist; sourceTree = "<group>"; };
		C0C84B8EC5C81EE4035E5B96 /* libPods.a */ = {isa = PBXFileReference; explicitFileType = archive.ar; includeInIndex = 0; path = libPods.a; sourceTree = BUILT_PRODUCTS_DIR; };
		FE048B19D2E2FCC3B147AA46 /* Pods.release.xcconfig */ = {isa = PBXFileReference; includeInIndex = 1; lastKnownFileType = text.xcconfig; name = Pods.release.xcconfig; path = "Pods/Target Support Files/Pods/Pods.release.xcconfig"; sourceTree = "<group>"; };
/* End PBXFileReference section */

/* Begin PBXFrameworksBuildPhase section */
		96461A9E1C7C999600986E0D /* Frameworks */ = {
			isa = PBXFrameworksBuildPhase;
			buildActionMask = 2147483647;
			files = (
				EED482D2E6DBFAE763F9A50E /* libPods.a in Frameworks */,
			);
			runOnlyForDeploymentPostprocessing = 0;
		};
		96461AB71C7C999700986E0D /* Frameworks */ = {
			isa = PBXFrameworksBuildPhase;
			buildActionMask = 2147483647;
			files = (
			);
			runOnlyForDeploymentPostprocessing = 0;
		};
		96461AC21C7C999700986E0D /* Frameworks */ = {
			isa = PBXFrameworksBuildPhase;
			buildActionMask = 2147483647;
			files = (
			);
			runOnlyForDeploymentPostprocessing = 0;
		};
/* End PBXFrameworksBuildPhase section */

/* Begin PBXGroup section */
		1764427A05C96AE15030069D /* Frameworks */ = {
			isa = PBXGroup;
			children = (
				9600F9161C8020E100659A97 /* CoreTelephony.framework */,
				9600F9141C8020B000659A97 /* MobileCoreServices.framework */,
				9600F9121C80209F00659A97 /* CFNetwork.framework */,
				9600F9101C80209800659A97 /* Security.framework */,
				9600F90E1C80208E00659A97 /* ImageIO.framework */,
				9600F90C1C80208200659A97 /* libsqlite3.tbd */,
				C0C84B8EC5C81EE4035E5B96 /* libPods.a */,
			);
			name = Frameworks;
			sourceTree = "<group>";
		};
		9600F91B1C8034FB00659A97 /* M_Login */ = {
			isa = PBXGroup;
			children = (
				9600F91C1C80350C00659A97 /* LoginVCtrl.h */,
				9600F91D1C80350C00659A97 /* LoginVCtrl.m */,
			);
			path = M_Login;
			sourceTree = "<group>";
		};
		96461A981C7C999600986E0D = {
			isa = PBXGroup;
			children = (
				96461AA31C7C999600986E0D /* WuliWebo */,
				96461ABD1C7C999700986E0D /* WuliWeboTests */,
				96461AC81C7C999700986E0D /* WuliWeboUITests */,
				96461AA21C7C999600986E0D /* Products */,
				DD1F4828F8ECA89B329CCDF3 /* Pods */,
				1764427A05C96AE15030069D /* Frameworks */,
			);
			sourceTree = "<group>";
		};
		96461AA21C7C999600986E0D /* Products */ = {
			isa = PBXGroup;
			children = (
				96461AA11C7C999600986E0D /* WuliWebo.app */,
				96461ABA1C7C999700986E0D /* WuliWeboTests.xctest */,
				96461AC51C7C999700986E0D /* WuliWeboUITests.xctest */,
			);
			name = Products;
			sourceTree = "<group>";
		};
		96461AA31C7C999600986E0D /* WuliWebo */ = {
			isa = PBXGroup;
			children = (
				9600F91B1C8034FB00659A97 /* M_Login */,
				96461AA71C7C999600986E0D /* AppDelegate.h */,
				96461AA81C7C999600986E0D /* AppDelegate.m */,
				96461AB01C7C999600986E0D /* Assets.xcassets */,
				96461AB21C7C999600986E0D /* LaunchScreen.storyboard */,
				96461AB51C7C999600986E0D /* Info.plist */,
				96461AA41C7C999600986E0D /* Supporting Files */,
			);
			path = WuliWebo;
			sourceTree = "<group>";
		};
		96461AA41C7C999600986E0D /* Supporting Files */ = {
			isa = PBXGroup;
			children = (
				96461AA51C7C999600986E0D /* main.m */,
			);
			name = "Supporting Files";
			sourceTree = "<group>";
		};
		96461ABD1C7C999700986E0D /* WuliWeboTests */ = {
			isa = PBXGroup;
			children = (
				96461ABE1C7C999700986E0D /* WuliWeboTests.m */,
				96461AC01C7C999700986E0D /* Info.plist */,
			);
			path = WuliWeboTests;
			sourceTree = "<group>";
		};
		96461AC81C7C999700986E0D /* WuliWeboUITests */ = {
			isa = PBXGroup;
			children = (
				96461AC91C7C999700986E0D /* WuliWeboUITests.m */,
				96461ACB1C7C999700986E0D /* Info.plist */,
			);
			path = WuliWeboUITests;
			sourceTree = "<group>";
		};
		DD1F4828F8ECA89B329CCDF3 /* Pods */ = {
			isa = PBXGroup;
			children = (
				5FDE7B306448FC5326D00C8F /* Pods.debug.xcconfig */,
				FE048B19D2E2FCC3B147AA46 /* Pods.release.xcconfig */,
			);
			name = Pods;
			sourceTree = "<group>";
		};
/* End PBXGroup section */

/* Begin PBXNativeTarget section */
		96461AA01C7C999600986E0D /* WuliWebo */ = {
			isa = PBXNativeTarget;
			buildConfigurationList = 96461ACE1C7C999700986E0D /* Build configuration list for PBXNativeTarget "WuliWebo" */;
			buildPhases = (
				39F8344FB5EC71C23EFDD159 /* Check Pods Manifest.lock */,
				96461A9D1C7C999600986E0D /* Sources */,
				96461A9E1C7C999600986E0D /* Frameworks */,
				96461A9F1C7C999600986E0D /* Resources */,
				C2CACD4EF4BC6B98205F1274 /* Copy Pods Resources */,
			);
			buildRules = (
			);
			dependencies = (
			);
			name = WuliWebo;
			productName = WuliWebo;
			productReference = 96461AA11C7C999600986E0D /* WuliWebo.app */;
			productType = "com.apple.product-type.application";
		};
		96461AB91C7C999700986E0D /* WuliWeboTests */ = {
			isa = PBXNativeTarget;
			buildConfigurationList = 96461AD11C7C999700986E0D /* Build configuration list for PBXNativeTarget "WuliWeboTests" */;
			buildPhases = (
				96461AB61C7C999700986E0D /* Sources */,
				96461AB71C7C999700986E0D /* Frameworks */,
				96461AB81C7C999700986E0D /* Resources */,
			);
			buildRules = (
			);
			dependencies = (
				96461ABC1C7C999700986E0D /* PBXTargetDependency */,
			);
			name = WuliWeboTests;
			productName = WuliWeboTests;
			productReference = 96461ABA1C7C999700986E0D /* WuliWeboTests.xctest */;
			productType = "com.apple.product-type.bundle.unit-test";
		};
		96461AC41C7C999700986E0D /* WuliWeboUITests */ = {
			isa = PBXNativeTarget;
			buildConfigurationList = 96461AD41C7C999700986E0D /* Build configuration list for PBXNativeTarget "WuliWeboUITests" */;
			buildPhases = (
				96461AC11C7C999700986E0D /* Sources */,
				96461AC21C7C999700986E0D /* Frameworks */,
				96461AC31C7C999700986E0D /* Resources */,
			);
			buildRules = (
			);
			dependencies = (
				96461AC71C7C999700986E0D /* PBXTargetDependency */,
			);
			name = WuliWeboUITests;
			productName = WuliWeboUITests;
			productReference = 96461AC51C7C999700986E0D /* WuliWeboUITests.xctest */;
			productType = "com.apple.product-type.bundle.ui-testing";
		};
/* End PBXNativeTarget section */

/* Begin PBXProject section */
		96461A991C7C999600986E0D /* Project object */ = {
			isa = PBXProject;
			attributes = {
				LastUpgradeCheck = 0720;
				ORGANIZATIONNAME = nantian;
				TargetAttributes = {
					96461AA01C7C999600986E0D = {
						CreatedOnToolsVersion = 7.2;
					};
					96461AB91C7C999700986E0D = {
						CreatedOnToolsVersion = 7.2;
						TestTargetID = 96461AA01C7C999600986E0D;
					};
					96461AC41C7C999700986E0D = {
						CreatedOnToolsVersion = 7.2;
						TestTargetID = 96461AA01C7C999600986E0D;
					};
				};
			};
			buildConfigurationList = 96461A9C1C7C999600986E0D /* Build configuration list for PBXProject "WuliWebo" */;
			compatibilityVersion = "Xcode 3.2";
			developmentRegion = English;
			hasScannedForEncodings = 0;
			knownRegions = (
				en,
				Base,
			);
			mainGroup = 96461A981C7C999600986E0D;
			productRefGroup = 96461AA21C7C999600986E0D /* Products */;
			projectDirPath = "";
			projectRoot = "";
			targets = (
				96461AA01C7C999600986E0D /* WuliWebo */,
				96461AB91C7C999700986E0D /* WuliWeboTests */,
				96461AC41C7C999700986E0D /* WuliWeboUITests */,
			);
		};
/* End PBXProject section */

/* Begin PBXResourcesBuildPhase section */
		96461A9F1C7C999600986E0D /* Resources */ = {
			isa = PBXResourcesBuildPhase;
			buildActionMask = 2147483647;
			files = (
				96461AB41C7C999600986E0D /* LaunchScreen.storyboard in Resources */,
				96461AB11C7C999600986E0D /* Assets.xcassets in Resources */,
			);
			runOnlyForDeploymentPostprocessing = 0;
		};
		96461AB81C7C999700986E0D /* Resources */ = {
			isa = PBXResourcesBuildPhase;
			buildActionMask = 2147483647;
			files = (
			);
			runOnlyForDeploymentPostprocessing = 0;
		};
		96461AC31C7C999700986E0D /* Resources */ = {
			isa = PBXResourcesBuildPhase;
			buildActionMask = 2147483647;
			files = (
			);
			runOnlyForDeploymentPostprocessing = 0;
		};
/* End PBXResourcesBuildPhase section */

/* Begin PBXShellScriptBuildPhase section */
		39F8344FB5EC71C23EFDD159 /* Check Pods Manifest.lock */ = {
			isa = PBXShellScriptBuildPhase;
			buildActionMask = 2147483647;
			files = (
			);
			inputPaths = (
			);
			name = "Check Pods Manifest.lock";
			outputPaths = (
			);
			runOnlyForDeploymentPostprocessing = 0;
			shellPath = /bin/sh;
			shellScript = "diff \"${PODS_ROOT}/../Podfile.lock\" \"${PODS_ROOT}/Manifest.lock\" > /dev/null\nif [[ $? != 0 ]] ; then\n    cat << EOM\nerror: The sandbox is not in sync with the Podfile.lock. Run 'pod install' or update your CocoaPods installation.\nEOM\n    exit 1\nfi\n";
			showEnvVarsInLog = 0;
		};
		C2CACD4EF4BC6B98205F1274 /* Copy Pods Resources */ = {
			isa = PBXShellScriptBuildPhase;
			buildActionMask = 2147483647;
			files = (
			);
			inputPaths = (
			);
			name = "Copy Pods Resources";
			outputPaths = (
			);
			runOnlyForDeploymentPostprocessing = 0;
			shellPath = /bin/sh;
			shellScript = "\"${SRCROOT}/Pods/Target Support Files/Pods/Pods-resources.sh\"\n";
			showEnvVarsInLog = 0;
		};
/* End PBXShellScriptBuildPhase section */

/* Begin PBXSourcesBuildPhase section */
		96461A9D1C7C999600986E0D /* Sources */ = {
			isa = PBXSourcesBuildPhase;
			buildActionMask = 2147483647;
			files = (
				9600F91E1C80350C00659A97 /* LoginVCtrl.m in Sources */,
				96461AA91C7C999600986E0D /* AppDelegate.m in Sources */,
				96461AA61C7C999600986E0D /* main.m in Sources */,
			);
			runOnlyForDeploymentPostprocessing = 0;
		};
		96461AB61C7C999700986E0D /* Sources */ = {
			isa = PBXSourcesBuildPhase;
			buildActionMask = 2147483647;
			files = (
				96461ABF1C7C999700986E0D /* WuliWeboTests.m in Sources */,
			);
			runOnlyForDeploymentPostprocessing = 0;
		};
		96461AC11C7C999700986E0D /* Sources */ = {
			isa = PBXSourcesBuildPhase;
			buildActionMask = 2147483647;
			files = (
				96461ACA1C7C999700986E0D /* WuliWeboUITests.m in Sources */,
			);
			runOnlyForDeploymentPostprocessing = 0;
		};
/* End PBXSourcesBuildPhase section */

/* Begin PBXTargetDependency section */
		96461ABC1C7C999700986E0D /* PBXTargetDependency */ = {
			isa = PBXTargetDependency;
			target = 96461AA01C7C999600986E0D /* WuliWebo */;
			targetProxy = 96461ABB1C7C999700986E0D /* PBXContainerItemProxy */;
		};
		96461AC71C7C999700986E0D /* PBXTargetDependency */ = {
			isa = PBXTargetDependency;
			target = 96461AA01C7C999600986E0D /* WuliWebo */;
			targetProxy = 96461AC61C7C999700986E0D /* PBXContainerItemProxy */;
		};
/* End PBXTargetDependency section */

/* Begin PBXVariantGroup section */
		96461AB21C7C999600986E0D /* LaunchScreen.storyboard */ = {
			isa = PBXVariantGroup;
			children = (
				96461AB31C7C999600986E0D /* Base */,
			);
			name = LaunchScreen.storyboard;
			sourceTree = "<group>";
		};
/* End PBXVariantGroup section */

/* Begin XCBuildConfiguration section */
		96461ACC1C7C999700986E0D /* Debug */ = {
			isa = XCBuildConfiguration;
			buildSettings = {
				ALWAYS_SEARCH_USER_PATHS = NO;
				CLANG_CXX_LANGUAGE_STANDARD = "gnu++0x";
				CLANG_CXX_LIBRARY = "libc++";
				CLANG_ENABLE_MODULES = YES;
				CLANG_ENABLE_OBJC_ARC = YES;
				CLANG_WARN_BOOL_CONVERSION = YES;
				CLANG_WARN_CONSTANT_CONVERSION = YES;
				CLANG_WARN_DIRECT_OBJC_ISA_USAGE = YES_ERROR;
				CLANG_WARN_EMPTY_BODY = YES;
				CLANG_WARN_ENUM_CONVERSION = YES;
				CLANG_WARN_INT_CONVERSION = YES;
				CLANG_WARN_OBJC_ROOT_CLASS = YES_ERROR;
				CLANG_WARN_UNREACHABLE_CODE = YES;
				CLANG_WARN__DUPLICATE_METHOD_MATCH = YES;
				"CODE_SIGN_IDENTITY[sdk=iphoneos*]" = "iPhone Developer";
				COPY_PHASE_STRIP = NO;
				DEBUG_INFORMATION_FORMAT = dwarf;
				ENABLE_STRICT_OBJC_MSGSEND = YES;
				ENABLE_TESTABILITY = YES;
				GCC_C_LANGUAGE_STANDARD = gnu99;
				GCC_DYNAMIC_NO_PIC = NO;
				GCC_NO_COMMON_BLOCKS = YES;
				GCC_OPTIMIZATION_LEVEL = 0;
				GCC_PREPROCESSOR_DEFINITIONS = (
					"DEBUG=1",
					"$(inherited)",
				);
				GCC_WARN_64_TO_32_BIT_CONVERSION = YES;
				GCC_WARN_ABOUT_RETURN_TYPE = YES_ERROR;
				GCC_WARN_UNDECLARED_SELECTOR = YES;
				GCC_WARN_UNINITIALIZED_AUTOS = YES_AGGRESSIVE;
				GCC_WARN_UNUSED_FUNCTION = YES;
				GCC_WARN_UNUSED_VARIABLE = YES;
				IPHONEOS_DEPLOYMENT_TARGET = 9.2;
				MTL_ENABLE_DEBUG_INFO = YES;
				ONLY_ACTIVE_ARCH = YES;
				SDKROOT = iphoneos;
			};
			name = Debug;
		};
		96461ACD1C7C999700986E0D /* Release */ = {
			isa = XCBuildConfiguration;
			buildSettings = {
				ALWAYS_SEARCH_USER_PATHS = NO;
				CLANG_CXX_LANGUAGE_STANDARD = "gnu++0x";
				CLANG_CXX_LIBRARY = "libc++";
				CLANG_ENABLE_MODULES = YES;
				CLANG_ENABLE_OBJC_ARC = YES;
				CLANG_WARN_BOOL_CONVERSION = YES;
				CLANG_WARN_CONSTANT_CONVERSION = YES;
				CLANG_WARN_DIRECT_OBJC_ISA_USAGE = YES_ERROR;
				CLANG_WARN_EMPTY_BODY = YES;
				CLANG_WARN_ENUM_CONVERSION = YES;
				CLANG_WARN_INT_CONVERSION = YES;
				CLANG_WARN_OBJC_ROOT_CLASS = YES_ERROR;
				CLANG_WARN_UNREACHABLE_CODE = YES;
				CLANG_WARN__DUPLICATE_METHOD_MATCH = YES;
				"CODE_SIGN_IDENTITY[sdk=iphoneos*]" = "iPhone Developer";
				COPY_PHASE_STRIP = NO;
				DEBUG_INFORMATION_FORMAT = "dwarf-with-dsym";
				ENABLE_NS_ASSERTIONS = NO;
				ENABLE_STRICT_OBJC_MSGSEND = YES;
				GCC_C_LANGUAGE_STANDARD = gnu99;
				GCC_NO_COMMON_BLOCKS = YES;
				GCC_WARN_64_TO_32_BIT_CONVERSION = YES;
				GCC_WARN_ABOUT_RETURN_TYPE = YES_ERROR;
				GCC_WARN_UNDECLARED_SELECTOR = YES;
				GCC_WARN_UNINITIALIZED_AUTOS = YES_AGGRESSIVE;
				GCC_WARN_UNUSED_FUNCTION = YES;
				GCC_WARN_UNUSED_VARIABLE = YES;
				IPHONEOS_DEPLOYMENT_TARGET = 9.2;
				MTL_ENABLE_DEBUG_INFO = NO;
				SDKROOT = iphoneos;
				VALIDATE_PRODUCT = YES;
			};
			name = Release;
		};
		96461ACF1C7C999700986E0D /* Debug */ = {
			isa = XCBuildConfiguration;
			baseConfigurationReference = 5FDE7B306448FC5326D00C8F /* Pods.debug.xcconfig */;
			buildSettings = {
				ASSETCATALOG_COMPILER_APPICON_NAME = AppIcon;
				ASSETCATALOG_COMPILER_LAUNCHIMAGE_NAME = "Brand Assets";
				INFOPLIST_FILE = WuliWebo/Info.plist;
				IPHONEOS_DEPLOYMENT_TARGET = 7.0;
				LD_RUNPATH_SEARCH_PATHS = "$(inherited) @executable_path/Frameworks";
				PRODUCT_BUNDLE_IDENTIFIER = com.nantian.WuliWebo;
				PRODUCT_NAME = "$(TARGET_NAME)";
			};
			name = Debug;
		};
		96461AD01C7C999700986E0D /* Release */ = {
			isa = XCBuildConfiguration;
			baseConfigurationReference = FE048B19D2E2FCC3B147AA46 /* Pods.release.xcconfig */;
			buildSettings = {
				ASSETCATALOG_COMPILER_APPICON_NAME = AppIcon;
				ASSETCATALOG_COMPILER_LAUNCHIMAGE_NAME = "Brand Assets";
				INFOPLIST_FILE = WuliWebo/Info.plist;
				IPHONEOS_DEPLOYMENT_TARGET = 7.0;
				LD_RUNPATH_SEARCH_PATHS = "$(inherited) @executable_path/Frameworks";
				PRODUCT_BUNDLE_IDENTIFIER = com.nantian.WuliWebo;
				PRODUCT_NAME = "$(TARGET_NAME)";
			};
			name = Release;
		};
		96461AD21C7C999700986E0D /* Debug */ = {
			isa = XCBuildConfiguration;
			buildSettings = {
				BUNDLE_LOADER = "$(TEST_HOST)";
				INFOPLIST_FILE = WuliWeboTests/Info.plist;
				LD_RUNPATH_SEARCH_PATHS = "$(inherited) @executable_path/Frameworks @loader_path/Frameworks";
				PRODUCT_BUNDLE_IDENTIFIER = com.nantian.WuliWeboTests;
				PRODUCT_NAME = "$(TARGET_NAME)";
				TEST_HOST = "$(BUILT_PRODUCTS_DIR)/WuliWebo.app/WuliWebo";
			};
			name = Debug;
		};
		96461AD31C7C999700986E0D /* Release */ = {
			isa = XCBuildConfiguration;
			buildSettings = {
				BUNDLE_LOADER = "$(TEST_HOST)";
				INFOPLIST_FILE = WuliWeboTests/Info.plist;
				LD_RUNPATH_SEARCH_PATHS = "$(inherited) @executable_path/Frameworks @loader_path/Frameworks";
				PRODUCT_BUNDLE_IDENTIFIER = com.nantian.WuliWeboTests;
				PRODUCT_NAME = "$(TARGET_NAME)";
				TEST_HOST = "$(BUILT_PRODUCTS_DIR)/WuliWebo.app/WuliWebo";
			};
			name = Release;
		};
		96461AD51C7C999700986E0D /* Debug */ = {
			isa = XCBuildConfiguration;
			buildSettings = {
				INFOPLIST_FILE = WuliWeboUITests/Info.plist;
				LD_RUNPATH_SEARCH_PATHS = "$(inherited) @executable_path/Frameworks @loader_path/Frameworks";
				PRODUCT_BUNDLE_IDENTIFIER = com.nantian.WuliWeboUITests;
				PRODUCT_NAME = "$(TARGET_NAME)";
				TEST_TARGET_NAME = WuliWebo;
				USES_XCTRUNNER = YES;
			};
			name = Debug;
		};
		96461AD61C7C999700986E0D /* Release */ = {
			isa = XCBuildConfiguration;
			buildSettings = {
				INFOPLIST_FILE = WuliWeboUITests/Info.plist;
				LD_RUNPATH_SEARCH_PATHS = "$(inherited) @executable_path/Frameworks @loader_path/Frameworks";
				PRODUCT_BUNDLE_IDENTIFIER = com.nantian.WuliWeboUITests;
				PRODUCT_NAME = "$(TARGET_NAME)";
				TEST_TARGET_NAME = WuliWebo;
				USES_XCTRUNNER = YES;
			};
			name = Release;
		};
/* End XCBuildConfiguration section */

/* Begin XCConfigurationList section */
		96461A9C1C7C999600986E0D /* Build configuration list for PBXProject "WuliWebo" */ = {
			isa = XCConfigurationList;
			buildConfigurations = (
				96461ACC1C7C999700986E0D /* Debug */,
				96461ACD1C7C999700986E0D /* Release */,
			);
			defaultConfigurationIsVisible = 0;
			defaultConfigurationName = Release;
		};
		96461ACE1C7C999700986E0D /* Build configuration list for PBXNativeTarget "WuliWebo" */ = {
			isa = XCConfigurationList;
			buildConfigurations = (
				96461ACF1C7C999700986E0D /* Debug */,
				96461AD01C7C999700986E0D /* Release */,
			);
			defaultConfigurationIsVisible = 0;
			defaultConfigurationName = Release;
		};
		96461AD11C7C999700986E0D /* Build configuration list for PBXNativeTarget "WuliWeboTests" */ = {
			isa = XCConfigurationList;
			buildConfigurations = (
				96461AD21C7C999700986E0D /* Debug */,
				96461AD31C7C999700986E0D /* Release */,
			);
			defaultConfigurationIsVisible = 0;
			defaultConfigurationName = Release;
		};
		96461AD41C7C999700986E0D /* Build configuration list for PBXNativeTarget "WuliWeboUITests" */ = {
			isa = XCConfigurationList;
			buildConfigurations = (
				96461AD51C7C999700986E0D /* Debug */,
				96461AD61C7C999700986E0D /* Release */,
			);
			defaultConfigurationIsVisible = 0;
			defaultConfigurationName = Release;
		};
/* End XCConfigurationList section */
	};
	rootObject = 96461A991C7C999600986E0D /* Project object */;
}
